<?xml version="1.0" encoding="utf-8"?>
<Project ToolsVersion="4.0" xmlns="http://schemas.microsoft.com/developer/msbuild/2003">
  <ItemGroup>
    <ClCompile Include="Source\SceneFactory.cpp" />
    <ClCompile Include="ImGui\imgui.cpp">
      <Filter>ImGUI</Filter>
    </ClCompile>
    <ClCompile Include="ImGui\imgui_draw.cpp">
      <Filter>ImGUI</Filter>
    </ClCompile>
    <ClCompile Include="ImGui\imgui_impl_dx9.cpp">
      <Filter>ImGUI</Filter>
    </ClCompile>
    <ClCompile Include="ImGui\imgui_impl_dx11.cpp">
      <Filter>ImGUI</Filter>
    </ClCompile>
    <ClCompile Include="ImGui\imgui_impl_win32.cpp">
      <Filter>ImGUI</Filter>
    </ClCompile>
    <ClCompile Include="ImGui\imgui_ja_gryph_ranges.cpp">
      <Filter>ImGUI</Filter>
    </ClCompile>
    <ClCompile Include="ImGui\imgui_tables.cpp">
      <Filter>ImGUI</Filter>
    </ClCompile>
    <ClCompile Include="ImGui\imgui_widgets.cpp">
      <Filter>ImGUI</Filter>
    </ClCompile>
    <ClCompile Include="Library\App.cpp">
      <Filter>Library</Filter>
    </ClCompile>
    <ClCompile Include="Library\main.cpp">
      <Filter>Library</Filter>
    </ClCompile>
    <ClCompile Include="Library\ObjectManager.cpp">
      <Filter>Library</Filter>
    </ClCompile>
    <ClCompile Include="Library\SceneManager.cpp">
      <Filter>Library</Filter>
    </ClCompile>
    <ClCompile Include="Library\Time.cpp">
      <Filter>Library</Filter>
    </ClCompile>
    <ClCompile Include="Source\BootScene.cpp">
      <Filter>BootScene</Filter>
    </ClCompile>
    <ClCompile Include="Source\PlayScene\PlayScene.cpp">
      <Filter>PlayScene</Filter>
    </ClCompile>
    <ClCompile Include="Source\TitleScene\TitleScene.cpp">
      <Filter>TitleScene</Filter>
    </ClCompile>
    <ClCompile Include="Source\ResultScene\ResultScene.cpp">
      <Filter>ResultScene</Filter>
    </ClCompile>
    <ClCompile Include="Source\MyLibrary\Object3D.cpp">
      <Filter>MyLibrary</Filter>
    </ClCompile>
    <ClCompile Include="Source\MyLibrary\Input.cpp">
      <Filter>MyLibrary</Filter>
    </ClCompile>
    <ClCompile Include="Source\MyLibrary\CsvReader.cpp">
      <Filter>MyLibrary</Filter>
    </ClCompile>
    <ClCompile Include="Source\PlayScene\Player.cpp">
      <Filter>PlayScene</Filter>
    </ClCompile>
    <ClCompile Include="Source\PlayScene\Camera.cpp">
      <Filter>PlayScene</Filter>
    </ClCompile>
    <ClCompile Include="Source\PlayScene\Stage\Stage.cpp">
      <Filter>PlayScene\Stage</Filter>
    </ClCompile>
    <ClCompile Include="Source\PlayScene\Stage\WayInfo.cpp">
      <Filter>PlayScene\Stage</Filter>
    </ClCompile>
  </ItemGroup>
  <ItemGroup>
    <ClInclude Include="Source\Screen.h" />
    <ClInclude Include="Source\SceneFactory.h" />
    <ClInclude Include="ImGui\imconfig.h">
      <Filter>ImGUI</Filter>
    </ClInclude>
    <ClInclude Include="ImGui\imgui.h">
      <Filter>ImGUI</Filter>
    </ClInclude>
    <ClInclude Include="ImGui\imgui_impl_dx9.h">
      <Filter>ImGUI</Filter>
    </ClInclude>
    <ClInclude Include="ImGui\imgui_impl_dx11.h">
      <Filter>ImGUI</Filter>
    </ClInclude>
    <ClInclude Include="ImGui\imgui_impl_dxlib.hpp">
      <Filter>ImGUI</Filter>
    </ClInclude>
    <ClInclude Include="ImGui\imgui_impl_win32.h">
      <Filter>ImGUI</Filter>
    </ClInclude>
    <ClInclude Include="ImGui\imgui_internal.h">
      <Filter>ImGUI</Filter>
    </ClInclude>
    <ClInclude Include="ImGui\imstb_rectpack.h">
      <Filter>ImGUI</Filter>
    </ClInclude>
    <ClInclude Include="ImGui\imstb_textedit.h">
      <Filter>ImGUI</Filter>
    </ClInclude>
    <ClInclude Include="ImGui\imstb_truetype.h">
      <Filter>ImGUI</Filter>
    </ClInclude>
    <ClInclude Include="Library\App.h">
      <Filter>Library</Filter>
    </ClInclude>
    <ClInclude Include="Library\ObjectManager.h">
      <Filter>Library</Filter>
    </ClInclude>
    <ClInclude Include="Library\GameObject.h">
      <Filter>Library</Filter>
    </ClInclude>
    <ClInclude Include="Library\SceneManager.h">
      <Filter>Library</Filter>
    </ClInclude>
    <ClInclude Include="Library\Time.h">
      <Filter>Library</Filter>
    </ClInclude>
    <ClInclude Include="Library\SceneBase.h">
      <Filter>Library</Filter>
    </ClInclude>
    <ClInclude Include="Library\myDxLib.h">
      <Filter>Library</Filter>
    </ClInclude>
    <ClInclude Include="Source\BootScene.h">
      <Filter>BootScene</Filter>
    </ClInclude>
    <ClInclude Include="Source\PlayScene\PlayScene.h">
      <Filter>PlayScene</Filter>
    </ClInclude>
    <ClInclude Include="Source\TitleScene\TitleScene.h">
      <Filter>TitleScene</Filter>
    </ClInclude>
    <ClInclude Include="Source\ResultScene\ResultScene.h">
      <Filter>ResultScene</Filter>
    </ClInclude>
    <ClInclude Include="Source\MyLibrary\Object3D.h">
      <Filter>MyLibrary</Filter>
    </ClInclude>
    <ClInclude Include="Source\MyLibrary\Input.h">
      <Filter>MyLibrary</Filter>
    </ClInclude>
    <ClInclude Include="Source\MyLibrary\Color.h">
      <Filter>MyLibrary</Filter>
    </ClInclude>
    <ClInclude Include="Source\MyLibrary\CsvReader.h">
      <Filter>MyLibrary</Filter>
    </ClInclude>
    <ClInclude Include="Source\PlayScene\Camera.h">
      <Filter>PlayScene</Filter>
    </ClInclude>
    <ClInclude Include="Source\PlayScene\Player.h">
      <Filter>PlayScene</Filter>
    </ClInclude>
    <ClInclude Include="Source\PlayScene\Stage\Stage.h">
      <Filter>PlayScene\Stage</Filter>
    </ClInclude>
    <ClInclude Include="Source\PlayScene\Stage\WayInfo.h">
      <Filter>PlayScene\Stage</Filter>
    </ClInclude>
  </ItemGroup>
  <ItemGroup>
    <Filter Include="Library">
      <UniqueIdentifier>{5fb3f44e-3bfe-4b8c-b744-e3f7e9212b99}</UniqueIdentifier>
    </Filter>
    <Filter Include="ImGUI">
      <UniqueIdentifier>{6e4e5e47-ba6c-4981-8ba4-82e7e4e89b95}</UniqueIdentifier>
    </Filter>
    <Filter Include="BootScene">
      <UniqueIdentifier>{f2013283-74ca-43a3-b381-3b28b3d17b4b}</UniqueIdentifier>
    </Filter>
    <Filter Include="TitleScene">
      <UniqueIdentifier>{2b5a071d-0fc0-47a1-8d23-b86eff7dd7b6}</UniqueIdentifier>
    </Filter>
    <Filter Include="PlayScene">
      <UniqueIdentifier>{f92b56d2-108f-4288-a710-ea612653dbed}</UniqueIdentifier>
    </Filter>
    <Filter Include="ResultScene">
      <UniqueIdentifier>{a604f755-ee27-414e-bf7f-ff82f5bde259}</UniqueIdentifier>
    </Filter>
    <Filter Include="MyLibrary">
      <UniqueIdentifier>{d133a9e3-eda6-41d0-a5af-d0259355f2fd}</UniqueIdentifier>
    </Filter>
    <Filter Include="PlayScene\Stage">
      <UniqueIdentifier>{9a266165-b587-4b36-9e2f-712bbafd3ee6}</UniqueIdentifier>
    </Filter>
  </ItemGroup>
</Project>